
Microsoft Visual Studio Solution File, Format Version 12.00
# Visual Studio 15
VisualStudioVersion = 15.0.28010.2026
MinimumVisualStudioVersion = 10.0.40219.1
Project("{FAE04EC0-301F-11D3-BF4B-00C04F79EFBC}") = "CamundaClient", "CamundaClient.csproj", "{D316A8E0-09CB-4D66-B635-94860C3EB799}"
EndProject
Global
	GlobalSection(SolutionConfigurationPlatforms) = preSolution
		Debug|Any CPU = Debug|Any CPU
		Release|Any CPU = Release|Any CPU
	EndGlobalSection
	GlobalSection(ProjectConfigurationPlatforms) = postSolution
		{D316A8E0-09CB-4D66-B635-94860C3EB799}.Debug|Any CPU.ActiveCfg = Debug|Any CPU
		{D316A8E0-09CB-4D66-B635-94860C3EB799}.Debug|Any CPU.Build.0 = Debug|Any CPU
		{D316A8E0-09CB-4D66-B635-94860C3EB799}.Release|Any CPU.ActiveCfg = Release|Any CPU
		{D316A8E0-09CB-4D66-B635-94860C3EB799}.Release|Any CPU.Build.0 = Release|Any CPU
	EndGlobalSection
	GlobalSection(SolutionProperties) = preSolution
		HideSolutionNode = FALSE
	EndGlobalSection
	GlobalSection(ExtensibilityGlobals) = postSolution
		SolutionGuid = {0DD7E10B-B89E-47A3-847A-5E80C978B96A}
	EndGlobalSection
EndGlobal
